
Microsoft Visual Studio Solution File, Format Version 12.00
# Visual Studio Version 17
VisualStudioVersion = 17.2.32616.157
MinimumVisualStudioVersion = 10.0.40219.1
Project("{9A19103F-16F7-4668-BE54-9A1E7A4F7556}") = "CadflairWebApplication", "CadflairWebApplication\CadflairWebApplication.csproj", "{80EC7B4B-722D-4854-8EA0-9E00D7C0224E}"
EndProject
Project("{FAE04EC0-301F-11D3-BF4B-00C04F79EFBC}") = "CadflairInventorPlugin", "CadflairInventorPlugin\CadflairInventorPlugin.csproj", "{C5D88CBE-B22A-4BE3-9FAA-75E89A9F40EB}"
EndProject
Project("{FAE04EC0-301F-11D3-BF4B-00C04F79EFBC}") = "CadflairInventorAddin", "CadflairInventorAddin\CadflairInventorAddin.csproj", "{3DC284CE-6572-439D-ADA3-E703FF8498B6}"
EndProject
Project("{9A19103F-16F7-4668-BE54-9A1E7A4F7556}") = "CadflairDataAccess", "CadflairDataAccess\CadflairDataAccess.csproj", "{CAFA1AC2-91EB-4EF2-A6C4-3C63D8E81E15}"
EndProject
Project("{00D1A9C2-B5F0-4AF3-8072-F6C62B433612}") = "CadflairDatabase", "CadflairDatabase\CadflairDatabase.sqlproj", "{92153CA6-1DE7-4B76-9FF6-210F8A4997E7}"
EndProject
Project("{9A19103F-16F7-4668-BE54-9A1E7A4F7556}") = "CadflairBlazorServer", "CadflairBlazorServer\CadflairBlazorServer.csproj", "{60D98DFA-2C36-47DB-B5C8-DDFDDD227D6C}"
EndProject
Project("{FAE04EC0-301F-11D3-BF4B-00C04F79EFBC}") = "ParameterParsing", "ParameterParsing\ParameterParsing.csproj", "{C5A98FFF-773B-480C-87A1-8CB2BEB8E54C}"
EndProject
Project("{FAE04EC0-301F-11D3-BF4B-00C04F79EFBC}") = "CadflairForgeAccess", "CadflairForgeAccess\CadflairForgeAccess.csproj", "{B0DFB3DB-8768-430C-8B82-07B1E46D5314}"
EndProject
Global
	GlobalSection(SolutionConfigurationPlatforms) = preSolution
		Debug|Any CPU = Debug|Any CPU
		Release|Any CPU = Release|Any CPU
	EndGlobalSection
	GlobalSection(ProjectConfigurationPlatforms) = postSolution
		{80EC7B4B-722D-4854-8EA0-9E00D7C0224E}.Debug|Any CPU.ActiveCfg = Debug|Any CPU
		{80EC7B4B-722D-4854-8EA0-9E00D7C0224E}.Debug|Any CPU.Build.0 = Debug|Any CPU
		{80EC7B4B-722D-4854-8EA0-9E00D7C0224E}.Release|Any CPU.ActiveCfg = Release|Any CPU
		{80EC7B4B-722D-4854-8EA0-9E00D7C0224E}.Release|Any CPU.Build.0 = Release|Any CPU
		{C5D88CBE-B22A-4BE3-9FAA-75E89A9F40EB}.Debug|Any CPU.ActiveCfg = Debug|Any CPU
		{C5D88CBE-B22A-4BE3-9FAA-75E89A9F40EB}.Debug|Any CPU.Build.0 = Debug|Any CPU
		{C5D88CBE-B22A-4BE3-9FAA-75E89A9F40EB}.Release|Any CPU.ActiveCfg = Release|Any CPU
		{C5D88CBE-B22A-4BE3-9FAA-75E89A9F40EB}.Release|Any CPU.Build.0 = Release|Any CPU
		{3DC284CE-6572-439D-ADA3-E703FF8498B6}.Debug|Any CPU.ActiveCfg = Debug|Any CPU
		{3DC284CE-6572-439D-ADA3-E703FF8498B6}.Debug|Any CPU.Build.0 = Debug|Any CPU
		{3DC284CE-6572-439D-ADA3-E703FF8498B6}.Release|Any CPU.ActiveCfg = Release|Any CPU
		{3DC284CE-6572-439D-ADA3-E703FF8498B6}.Release|Any CPU.Build.0 = Release|Any CPU
		{CAFA1AC2-91EB-4EF2-A6C4-3C63D8E81E15}.Debug|Any CPU.ActiveCfg = Debug|Any CPU
		{CAFA1AC2-91EB-4EF2-A6C4-3C63D8E81E15}.Debug|Any CPU.Build.0 = Debug|Any CPU
		{CAFA1AC2-91EB-4EF2-A6C4-3C63D8E81E15}.Release|Any CPU.ActiveCfg = Release|Any CPU
		{CAFA1AC2-91EB-4EF2-A6C4-3C63D8E81E15}.Release|Any CPU.Build.0 = Release|Any CPU
		{92153CA6-1DE7-4B76-9FF6-210F8A4997E7}.Debug|Any CPU.ActiveCfg = Debug|Any CPU
		{92153CA6-1DE7-4B76-9FF6-210F8A4997E7}.Debug|Any CPU.Build.0 = Debug|Any CPU
		{92153CA6-1DE7-4B76-9FF6-210F8A4997E7}.Debug|Any CPU.Deploy.0 = Debug|Any CPU
		{92153CA6-1DE7-4B76-9FF6-210F8A4997E7}.Release|Any CPU.ActiveCfg = Release|Any CPU
		{92153CA6-1DE7-4B76-9FF6-210F8A4997E7}.Release|Any CPU.Build.0 = Release|Any CPU
		{92153CA6-1DE7-4B76-9FF6-210F8A4997E7}.Release|Any CPU.Deploy.0 = Release|Any CPU
		{60D98DFA-2C36-47DB-B5C8-DDFDDD227D6C}.Debug|Any CPU.ActiveCfg = Debug|Any CPU
		{60D98DFA-2C36-47DB-B5C8-DDFDDD227D6C}.Debug|Any CPU.Build.0 = Debug|Any CPU
		{60D98DFA-2C36-47DB-B5C8-DDFDDD227D6C}.Release|Any CPU.ActiveCfg = Release|Any CPU
		{60D98DFA-2C36-47DB-B5C8-DDFDDD227D6C}.Release|Any CPU.Build.0 = Release|Any CPU
		{C5A98FFF-773B-480C-87A1-8CB2BEB8E54C}.Debug|Any CPU.ActiveCfg = Debug|Any CPU
		{C5A98FFF-773B-480C-87A1-8CB2BEB8E54C}.Debug|Any CPU.Build.0 = Debug|Any CPU
		{C5A98FFF-773B-480C-87A1-8CB2BEB8E54C}.Release|Any CPU.ActiveCfg = Release|Any CPU
		{C5A98FFF-773B-480C-87A1-8CB2BEB8E54C}.Release|Any CPU.Build.0 = Release|Any CPU
		{B0DFB3DB-8768-430C-8B82-07B1E46D5314}.Debug|Any CPU.ActiveCfg = Debug|Any CPU
		{B0DFB3DB-8768-430C-8B82-07B1E46D5314}.Debug|Any CPU.Build.0 = Debug|Any CPU
		{B0DFB3DB-8768-430C-8B82-07B1E46D5314}.Release|Any CPU.ActiveCfg = Release|Any CPU
		{B0DFB3DB-8768-430C-8B82-07B1E46D5314}.Release|Any CPU.Build.0 = Release|Any CPU
	EndGlobalSection
	GlobalSection(SolutionProperties) = preSolution
		HideSolutionNode = FALSE
	EndGlobalSection
	GlobalSection(ExtensibilityGlobals) = postSolution
		SolutionGuid = {A39BD543-21C8-4A68-ABDD-D204D0B834EC}
	EndGlobalSection
EndGlobal
