
Microsoft Visual Studio Solution File, Format Version 12.00
# Visual Studio Version 16
VisualStudioVersion = 16.0.30621.155
MinimumVisualStudioVersion = 10.0.40219.1
Project("{9A19103F-16F7-4668-BE54-9A1E7A4F7556}") = "CadflairWebApplication", "CadflairWebApplication\CadflairWebApplication.csproj", "{80EC7B4B-722D-4854-8EA0-9E00D7C0224E}"
EndProject
Project("{FAE04EC0-301F-11D3-BF4B-00C04F79EFBC}") = "CadflairInventorPlugin", "CadflairInventorPlugin\CadflairInventorPlugin.csproj", "{C5D88CBE-B22A-4BE3-9FAA-75E89A9F40EB}"
EndProject
Global
	GlobalSection(SolutionConfigurationPlatforms) = preSolution
		Debug|Any CPU = Debug|Any CPU
		Release|Any CPU = Release|Any CPU
	EndGlobalSection
	GlobalSection(ProjectConfigurationPlatforms) = postSolution
		{80EC7B4B-722D-4854-8EA0-9E00D7C0224E}.Debug|Any CPU.ActiveCfg = Debug|Any CPU
		{80EC7B4B-722D-4854-8EA0-9E00D7C0224E}.Debug|Any CPU.Build.0 = Debug|Any CPU
		{80EC7B4B-722D-4854-8EA0-9E00D7C0224E}.Release|Any CPU.ActiveCfg = Release|Any CPU
		{80EC7B4B-722D-4854-8EA0-9E00D7C0224E}.Release|Any CPU.Build.0 = Release|Any CPU
		{C5D88CBE-B22A-4BE3-9FAA-75E89A9F40EB}.Debug|Any CPU.ActiveCfg = Debug|Any CPU
		{C5D88CBE-B22A-4BE3-9FAA-75E89A9F40EB}.Debug|Any CPU.Build.0 = Debug|Any CPU
		{C5D88CBE-B22A-4BE3-9FAA-75E89A9F40EB}.Release|Any CPU.ActiveCfg = Release|Any CPU
		{C5D88CBE-B22A-4BE3-9FAA-75E89A9F40EB}.Release|Any CPU.Build.0 = Release|Any CPU
	EndGlobalSection
	GlobalSection(SolutionProperties) = preSolution
		HideSolutionNode = FALSE
	EndGlobalSection
	GlobalSection(ExtensibilityGlobals) = postSolution
		SolutionGuid = {A39BD543-21C8-4A68-ABDD-D204D0B834EC}
	EndGlobalSection
EndGlobal
